# THIS IS AN AUTOGENERATED FILE. DO NOT EDIT THIS FILE DIRECTLY.
# yarn lockfile v1


"@parcel/cache@2.3.1":
  version "2.3.1"
  resolved "https://registry.yarnpkg.com/@parcel/cache/-/cache-2.3.1.tgz#259da8fecdfaa2ae6d481338d264f2dd3c993c71"
  integrity sha512-8Wvm0VERtocUepIfkZ6xVs1LHZqttnzdrM7oSc0bXhwtz8kZB++N88g0rQskbUchW87314eYdzBtEL0aiq0bgQ==
  dependencies:
    "@parcel/fs" "2.3.1"
    "@parcel/logger" "2.3.1"
    "@parcel/utils" "2.3.1"
    lmdb "^2.0.2"

"@parcel/codeframe@2.3.1":
  version "2.3.1"
  resolved "https://registry.yarnpkg.com/@parcel/codeframe/-/codeframe-2.3.1.tgz#7855498b51d43c19181d6cd6dc8177dab2c83f40"
  integrity sha512-sdNvbg9qYS2pwzqyyyt+wZfNGuy7EslzDLbzQclFZmhD6e770mcYoi8/7i7D/AONbXiI15vwNmgOdcUIXtPxbA==
  dependencies:
    chalk "^4.1.0"

"@parcel/diagnostic@2.3.1":
  version "2.3.1"
  resolved "https://registry.yarnpkg.com/@parcel/diagnostic/-/diagnostic-2.3.1.tgz#821040ab49c862463f47b44b8c7725b3ec3bf9bb"
  integrity sha512-hBMcg4WVMdSIy6RpI4gSto5dZ3OoUbnrCZzVw3J1tzQJn7x9na/+014IaE58vJtAqJ8/jc/TqWIcwsSLe898rA==
  dependencies:
    json-source-map "^0.6.1"
    nullthrows "^1.1.1"

"@parcel/events@2.3.1":
  version "2.3.1"
  resolved "https://registry.yarnpkg.com/@parcel/events/-/events-2.3.1.tgz#77108bd706638831339b96eaab39a0e9137aa92e"
  integrity sha512-J2rWKGl1Z2IvwwDwWYz/4gUxC1P4LsioUyOo1HYGT+N5+r41P8ZB5CM/aosI2qu5mMsH8rTpclOv5E36vCSQxw==

"@parcel/fs-search@2.3.1":
  version "2.3.1"
  resolved "https://registry.yarnpkg.com/@parcel/fs-search/-/fs-search-2.3.1.tgz#a97d5a98ec13bf47e636006c40eedf8031ede3d5"
  integrity sha512-JsBIDttjmgJIMD6Q6MV83M+mwr5NqUm55iA+SewimboiWzSPzIJxRaegniSsNfsrBASJ6nSZFHcLPd/VJ5iqJw==
  dependencies:
    detect-libc "^1.0.3"

"@parcel/fs@2.3.1":
  version "2.3.1"
  resolved "https://registry.yarnpkg.com/@parcel/fs/-/fs-2.3.1.tgz#f60503921e1d3c17c6b43cf26fb76b08fe3fee2b"
  integrity sha512-FKqyf8KF0zOw8gfj/feEAMj4Kzqkgt9Zxa2A7UDdMWRvxLR8znqnWjD++xqq6rxJp2Y1zm4fH3JOTK4CRddUSg==
  dependencies:
    "@parcel/fs-search" "2.3.1"
    "@parcel/types" "2.3.1"
    "@parcel/utils" "2.3.1"
    "@parcel/watcher" "^2.0.0"
    "@parcel/workers" "2.3.1"

"@parcel/hash@2.3.1":
  version "2.3.1"
  resolved "https://registry.yarnpkg.com/@parcel/hash/-/hash-2.3.1.tgz#7da61cd0a7358cabe9d6fdc4d103d6fb7b54526f"
  integrity sha512-IYhSQE+CIKWjPfiLmsrXHupkNd+hMlTlI9DR5qLiD8ydyPwg0XE/bOYTcbdsSl6HTackY0XYVSJwTtEgvtYVfw==
  dependencies:
    detect-libc "^1.0.3"
    xxhash-wasm "^0.4.2"

"@parcel/logger@2.3.1":
  version "2.3.1"
  resolved "https://registry.yarnpkg.com/@parcel/logger/-/logger-2.3.1.tgz#042f8742c6655ca01b5a64a041c228525e72c9c2"
  integrity sha512-swNPInULCJrpCJCLOgZcf+xNcUF0NjD7LyNcB349BkyO7i6st14nfBjXf6eAJJu0z7RMmi6zp9CQB47e4cI6+g==
  dependencies:
    "@parcel/diagnostic" "2.3.1"
    "@parcel/events" "2.3.1"

"@parcel/markdown-ansi@2.3.1":
  version "2.3.1"
  resolved "https://registry.yarnpkg.com/@parcel/markdown-ansi/-/markdown-ansi-2.3.1.tgz#076f9d4cdf5cc63e16eb1ddf36d799e8741e8063"
  integrity sha512-M4Hi25pKtSh1KF/ppMDBk5QuLpYAQjgB/MSP+nz7NzXQlYPCN5oEk9TUkrmQ9J+vOvVwefxfy7ahSErEuQbTFw==
  dependencies:
    chalk "^4.1.0"

"@parcel/package-manager@2.3.1":
  version "2.3.1"
  resolved "https://registry.yarnpkg.com/@parcel/package-manager/-/package-manager-2.3.1.tgz#c0f49fab9d1108bc9bf8d4357c53eead8d28c48d"
  integrity sha512-w2XOkD3SU8RxhUDW+Soy/TjvEVvfUsBmHy02asllt4b/ZtyZVAsQmonGExHDDkRn3TNDR6Y96Yw6M7purt+b9w==
  dependencies:
    "@parcel/diagnostic" "2.3.1"
    "@parcel/fs" "2.3.1"
    "@parcel/logger" "2.3.1"
    "@parcel/types" "2.3.1"
    "@parcel/utils" "2.3.1"
    "@parcel/workers" "2.3.1"
    semver "^5.7.1"

"@parcel/plugin@2.3.1":
  version "2.3.1"
  resolved "https://registry.yarnpkg.com/@parcel/plugin/-/plugin-2.3.1.tgz#d7abc685ede4d7ae25bb15ccfcfa2a59e8d7c51d"
  integrity sha512-ROOWbgFze7BCF3RkEh8VbcKGlR5UGBuJ8lfCaFrG1VOk7Rxgl8Bmk96TRbZREm/1jB74p2O8twVKyPSC13riow==
  dependencies:
    "@parcel/types" "2.3.1"

"@parcel/source-map@^2.0.0":
  version "2.0.2"
  resolved "https://registry.yarnpkg.com/@parcel/source-map/-/source-map-2.0.2.tgz#9aa0b00518cee31d5634de6e9c924a5539b142c1"
  integrity sha512-NnUrPYLpYB6qyx2v6bcRPn/gVigmGG6M6xL8wIg/i0dP1GLkuY1nf+Hqdf63FzPTqqT7K3k6eE5yHPQVMO5jcA==
  dependencies:
    detect-libc "^1.0.3"

"@parcel/transformer-sass@2.3.1":
  version "2.3.1"
  resolved "https://registry.yarnpkg.com/@parcel/transformer-sass/-/transformer-sass-2.3.1.tgz#aee8d952d37515dc594f591226e6c28b9c145278"
  integrity sha512-lbbY/zhOx7EwWsoACx0sTgAEaPpIWnJyLA7/n1T52ApvSwzL1ogTaMzjb7FQY11v6LsOXhiyyPLFPqR2qo4LMA==
  dependencies:
    "@parcel/plugin" "2.3.1"
    "@parcel/source-map" "^2.0.0"
    sass "^1.38.0"

"@parcel/types@2.3.1":
  version "2.3.1"
  resolved "https://registry.yarnpkg.com/@parcel/types/-/types-2.3.1.tgz#50e34487a060dc6c5366ef8c23db5093cf441b5c"
  integrity sha512-i2UyUoA4DzyYxe9rZRDuMAZ6TD3Mq3tTTqeJ2/zA6w83Aon3cqdE9va91peu1fKRGyRqE5lwWRtA7ktF1A2SVA==
  dependencies:
    "@parcel/cache" "2.3.1"
    "@parcel/diagnostic" "2.3.1"
    "@parcel/fs" "2.3.1"
    "@parcel/package-manager" "2.3.1"
    "@parcel/source-map" "^2.0.0"
    "@parcel/workers" "2.3.1"
    utility-types "^3.10.0"

"@parcel/utils@2.3.1":
  version "2.3.1"
  resolved "https://registry.yarnpkg.com/@parcel/utils/-/utils-2.3.1.tgz#e1e582c850e7f7b131292cb45b8a177f59903413"
  integrity sha512-OFdh/HuAcce753/U3QoORzYU3N5oZqCfQNRb0i3onuz/qpli5TyxUl/k1BuTqlKYr6Px3kj05g6GFi9kRBOMbw==
  dependencies:
    "@parcel/codeframe" "2.3.1"
    "@parcel/diagnostic" "2.3.1"
    "@parcel/hash" "2.3.1"
    "@parcel/logger" "2.3.1"
    "@parcel/markdown-ansi" "2.3.1"
    "@parcel/source-map" "^2.0.0"
    chalk "^4.1.0"

"@parcel/watcher@^2.0.0":
  version "2.0.5"
  resolved "https://registry.yarnpkg.com/@parcel/watcher/-/watcher-2.0.5.tgz#f913a54e1601b0aac972803829b0eece48de215b"
  integrity sha512-x0hUbjv891omnkcHD7ZOhiyyUqUUR6MNjq89JhEI3BxppeKWAm6NPQsqqRrAkCJBogdT/o/My21sXtTI9rJIsw==
  dependencies:
    node-addon-api "^3.2.1"
    node-gyp-build "^4.3.0"

"@parcel/workers@2.3.1":
  version "2.3.1"
  resolved "https://registry.yarnpkg.com/@parcel/workers/-/workers-2.3.1.tgz#f0bfbd61785bea0667908989878fdf2d953c17e3"
  integrity sha512-e2P/9p5AYBLfNRs8n+57ChGrn5171oHwY54dz/jj0CrXKN1q0b+rNwzYsPaAtOicBoqmm1s5I3cjfO6GfJP65A==
  dependencies:
    "@parcel/diagnostic" "2.3.1"
    "@parcel/logger" "2.3.1"
    "@parcel/types" "2.3.1"
    "@parcel/utils" "2.3.1"
    chrome-trace-event "^1.0.2"
    nullthrows "^1.1.1"

ansi-styles@^4.1.0:
  version "4.3.0"
  resolved "https://registry.yarnpkg.com/ansi-styles/-/ansi-styles-4.3.0.tgz#edd803628ae71c04c85ae7a0906edad34b648937"
  integrity sha512-zbB9rCJAT1rbjiVDb2hqKFHNYLxgtk8NURxZ3IZwD3F6NtxbXZQCnnSi1Lkx+IDohdPlFp222wVALIheZJQSEg==
  dependencies:
    color-convert "^2.0.1"

anymatch@~3.1.2:
  version "3.1.2"
  resolved "https://registry.yarnpkg.com/anymatch/-/anymatch-3.1.2.tgz#c0557c096af32f106198f4f4e2a383537e378716"
  integrity sha512-P43ePfOAIupkguHUycrc4qJ9kz8ZiuOUijaETwX7THt0Y/GNK7v0aa8rY816xWjZ7rJdA5XdMcpVFTKMq+RvWg==
  dependencies:
    normalize-path "^3.0.0"
    picomatch "^2.0.4"

binary-extensions@^2.0.0:
  version "2.2.0"
  resolved "https://registry.yarnpkg.com/binary-extensions/-/binary-extensions-2.2.0.tgz#75f502eeaf9ffde42fc98829645be4ea76bd9e2d"
  integrity sha512-jDctJ/IVQbZoJykoeHbhXpOlNBqGNcwXJKJog42E5HDPUwQTSdjCHdihjj0DlnheQ7blbT6dHOafNAiS8ooQKA==

braces@~3.0.2:
  version "3.0.2"
  resolved "https://registry.yarnpkg.com/braces/-/braces-3.0.2.tgz#3454e1a462ee8d599e236df336cd9ea4f8afe107"
  integrity sha512-b8um+L1RzM3WDSzvhm6gIz1yfTbBt6YTlcEKAvsmqCZZFw46z626lVj9j1yEPW33H5H+lBQpZMP1k8l+78Ha0A==
  dependencies:
    fill-range "^7.0.1"

chalk@^4.1.0:
  version "4.1.2"
  resolved "https://registry.yarnpkg.com/chalk/-/chalk-4.1.2.tgz#aac4e2b7734a740867aeb16bf02aad556a1e7a01"
  integrity sha512-oKnbhFyRIXpUuez8iBMmyEa4nbj4IOQyuhc/wy9kY7/WVPcwIO9VA668Pu8RkO7+0G76SLROeyw9CpQ061i4mA==
  dependencies:
    ansi-styles "^4.1.0"
    supports-color "^7.1.0"

"chokidar@>=3.0.0 <4.0.0":
  version "3.5.3"
  resolved "https://registry.yarnpkg.com/chokidar/-/chokidar-3.5.3.tgz#1cf37c8707b932bd1af1ae22c0432e2acd1903bd"
  integrity sha512-Dr3sfKRP6oTcjf2JmUmFJfeVMvXBdegxB0iVQ5eb2V10uFJUCAS8OByZdVAyVb8xXNz3GjjTgj9kLWsZTqE6kw==
  dependencies:
    anymatch "~3.1.2"
    braces "~3.0.2"
    glob-parent "~5.1.2"
    is-binary-path "~2.1.0"
    is-glob "~4.0.1"
    normalize-path "~3.0.0"
    readdirp "~3.6.0"
  optionalDependencies:
    fsevents "~2.3.2"

chrome-trace-event@^1.0.2:
  version "1.0.3"
  resolved "https://registry.yarnpkg.com/chrome-trace-event/-/chrome-trace-event-1.0.3.tgz#1015eced4741e15d06664a957dbbf50d041e26ac"
  integrity sha512-p3KULyQg4S7NIHixdwbGX+nFHkoBiA4YQmyWtjb8XngSKV124nJmRysgAeujbUVb15vh+RvFUfCPqU7rXk+hZg==

color-convert@^2.0.1:
  version "2.0.1"
  resolved "https://registry.yarnpkg.com/color-convert/-/color-convert-2.0.1.tgz#72d3a68d598c9bdb3af2ad1e84f21d896abd4de3"
  integrity sha512-RRECPsj7iu/xb5oKYcsFHSppFNnsj/52OVTRKb4zP5onXwVF3zVmmToNcOfGC+CRDpfK/U584fMg38ZHCaElKQ==
  dependencies:
    color-name "~1.1.4"

color-name@~1.1.4:
  version "1.1.4"
  resolved "https://registry.yarnpkg.com/color-name/-/color-name-1.1.4.tgz#c2a09a87acbde69543de6f63fa3995c826c536a2"
  integrity sha512-dOy+3AuW3a2wNbZHIuMZpTcgjGuLU/uBL/ubcZF9OXbDo8ff4O8yVp5Bf0efS8uEoYo5q4Fx7dY9OgQGXgAsQA==

detect-libc@^1.0.3:
  version "1.0.3"
  resolved "https://registry.yarnpkg.com/detect-libc/-/detect-libc-1.0.3.tgz#fa137c4bd698edf55cd5cd02ac559f91a4c4ba9b"
  integrity sha1-+hN8S9aY7fVc1c0CrFWfkaTEups=

fill-range@^7.0.1:
  version "7.0.1"
  resolved "https://registry.yarnpkg.com/fill-range/-/fill-range-7.0.1.tgz#1919a6a7c75fe38b2c7c77e5198535da9acdda40"
  integrity sha512-qOo9F+dMUmC2Lcb4BbVvnKJxTPjCm+RRpe4gDuGrzkL7mEVl/djYSu2OdQ2Pa302N4oqkSg9ir6jaLWJ2USVpQ==
  dependencies:
    to-regex-range "^5.0.1"

fsevents@~2.3.2:
  version "2.3.2"
  resolved "https://registry.yarnpkg.com/fsevents/-/fsevents-2.3.2.tgz#8a526f78b8fdf4623b709e0b975c52c24c02fd1a"
  integrity sha512-xiqMQR4xAeHTuB9uWm+fFRcIOgKBMiOBP+eXiyT7jsgVCq1bkVygt00oASowB7EdtpOHaaPgKt812P9ab+DDKA==

glob-parent@~5.1.2:
  version "5.1.2"
  resolved "https://registry.yarnpkg.com/glob-parent/-/glob-parent-5.1.2.tgz#869832c58034fe68a4093c17dc15e8340d8401c4"
  integrity sha512-AOIgSQCepiJYwP3ARnGx+5VnTu2HBYdzbGP45eLw1vr3zB3vZLeyed1sC9hnbcOc9/SrMyM5RPQrkGz4aS9Zow==
  dependencies:
    is-glob "^4.0.1"

has-flag@^4.0.0:
  version "4.0.0"
  resolved "https://registry.yarnpkg.com/has-flag/-/has-flag-4.0.0.tgz#944771fd9c81c81265c4d6941860da06bb59479b"
  integrity sha512-EykJT/Q1KjTWctppgIAgfSO0tKVuZUjhgMr17kqTumMl6Afv3EISleU7qZUzoXDFTAHTDC4NOoG/ZxU3EvlMPQ==

immutable@^4.0.0:
  version "4.0.0"
  resolved "https://registry.yarnpkg.com/immutable/-/immutable-4.0.0.tgz#b86f78de6adef3608395efb269a91462797e2c23"
  integrity sha512-zIE9hX70qew5qTUjSS7wi1iwj/l7+m54KWU247nhM3v806UdGj1yDndXj+IOYxxtW9zyLI+xqFNZjTuDaLUqFw==

is-binary-path@~2.1.0:
  version "2.1.0"
  resolved "https://registry.yarnpkg.com/is-binary-path/-/is-binary-path-2.1.0.tgz#ea1f7f3b80f064236e83470f86c09c254fb45b09"
  integrity sha512-ZMERYes6pDydyuGidse7OsHxtbI7WVeUEozgR/g7rd0xUimYNlvZRE/K2MgZTjWy725IfelLeVcEM97mmtRGXw==
  dependencies:
    binary-extensions "^2.0.0"

is-extglob@^2.1.1:
  version "2.1.1"
  resolved "https://registry.yarnpkg.com/is-extglob/-/is-extglob-2.1.1.tgz#a88c02535791f02ed37c76a1b9ea9773c833f8c2"
  integrity sha1-qIwCU1eR8C7TfHahueqXc8gz+MI=

is-glob@^4.0.1, is-glob@~4.0.1:
  version "4.0.3"
  resolved "https://registry.yarnpkg.com/is-glob/-/is-glob-4.0.3.tgz#64f61e42cbbb2eec2071a9dac0b28ba1e65d5084"
  integrity sha512-xelSayHH36ZgE7ZWhli7pW34hNbNl8Ojv5KVmkJD4hBdD3th8Tfk9vYasLM+mXWOZhFkgZfxhLSnrwRr4elSSg==
  dependencies:
    is-extglob "^2.1.1"

is-number@^7.0.0:
  version "7.0.0"
  resolved "https://registry.yarnpkg.com/is-number/-/is-number-7.0.0.tgz#7535345b896734d5f80c4d06c50955527a14f12b"
  integrity sha512-41Cifkg6e8TylSpdtTpeLVMqvSBEVzTttHvERD741+pnZ8ANv0004MRL43QKPDlK9cGvNp6NZWZUBlbGXYxxng==

json-source-map@^0.6.1:
  version "0.6.1"
  resolved "https://registry.yarnpkg.com/json-source-map/-/json-source-map-0.6.1.tgz#e0b1f6f4ce13a9ad57e2ae165a24d06e62c79a0f"
  integrity sha512-1QoztHPsMQqhDq0hlXY5ZqcEdUzxQEIxgFkKl4WUp2pgShObl+9ovi4kRh2TfvAfxAoHOJ9vIMEqk3k4iex7tg==

lmdb@^2.0.2:
  version "2.2.1"
  resolved "https://registry.yarnpkg.com/lmdb/-/lmdb-2.2.1.tgz#b7fd22ed2268ab74aa71108b793678314a7b94bb"
  integrity sha512-tUlIjyJvbd4mqdotI9Xe+3PZt/jqPx70VKFDrKMYu09MtBWOT3y2PbuTajX+bJFDjbgLkQC0cTx2n6dithp/zQ==
  dependencies:
    msgpackr "^1.5.4"
    nan "^2.14.2"
    node-gyp-build "^4.2.3"
    ordered-binary "^1.2.4"
    weak-lru-cache "^1.2.2"

msgpackr-extract@^1.0.14:
  version "1.0.16"
  resolved "https://registry.yarnpkg.com/msgpackr-extract/-/msgpackr-extract-1.0.16.tgz#701c4f6e6f25c100ae84557092274e8fffeefe45"
  integrity sha512-fxdRfQUxPrL/TizyfYfMn09dK58e+d65bRD/fcaVH4052vj30QOzzqxcQIS7B0NsqlypEQ/6Du3QmP2DhWFfCA==
  dependencies:
    nan "^2.14.2"
    node-gyp-build "^4.2.3"

msgpackr@^1.5.4:
  version "1.5.4"
  resolved "https://registry.yarnpkg.com/msgpackr/-/msgpackr-1.5.4.tgz#2b6ea6cb7d79c0ad98fc76c68163c48eda50cf0d"
  integrity sha512-Z7w5Jg+2Q9z9gJxeM68d7tSuWZZGnFIRhZnyqcZCa/1dKkhOCNvR1TUV3zzJ3+vj78vlwKRzUgVDlW4jiSOeDA==
  optionalDependencies:
    msgpackr-extract "^1.0.14"

nan@^2.14.2:
  version "2.15.0"
  resolved "https://registry.yarnpkg.com/nan/-/nan-2.15.0.tgz#3f34a473ff18e15c1b5626b62903b5ad6e665fee"
  integrity sha512-8ZtvEnA2c5aYCZYd1cvgdnU6cqwixRoYg70xPLWUws5ORTa/lnw+u4amixRS/Ac5U5mQVgp9pnlSUnbNWFaWZQ==

node-addon-api@^3.2.1:
  version "3.2.1"
  resolved "https://registry.yarnpkg.com/node-addon-api/-/node-addon-api-3.2.1.tgz#81325e0a2117789c0128dab65e7e38f07ceba161"
  integrity sha512-mmcei9JghVNDYydghQmeDX8KoAm0FAiYyIcUt/N4nhyAipB17pllZQDOJD2fotxABnt4Mdz+dKTO7eftLg4d0A==

node-gyp-build@^4.2.3, node-gyp-build@^4.3.0:
  version "4.3.0"
  resolved "https://registry.yarnpkg.com/node-gyp-build/-/node-gyp-build-4.3.0.tgz#9f256b03e5826150be39c764bf51e993946d71a3"
  integrity sha512-iWjXZvmboq0ja1pUGULQBexmxq8CV4xBhX7VDOTbL7ZR4FOowwY/VOtRxBN/yKxmdGoIp4j5ysNT4u3S2pDQ3Q==

normalize-path@^3.0.0, normalize-path@~3.0.0:
  version "3.0.0"
  resolved "https://registry.yarnpkg.com/normalize-path/-/normalize-path-3.0.0.tgz#0dcd69ff23a1c9b11fd0978316644a0388216a65"
  integrity sha512-6eZs5Ls3WtCisHWp9S2GUy8dqkpGi4BVSz3GaqiE6ezub0512ESztXUwUB6C6IKbQkY2Pnb/mD4WYojCRwcwLA==

nullthrows@^1.1.1:
  version "1.1.1"
  resolved "https://registry.yarnpkg.com/nullthrows/-/nullthrows-1.1.1.tgz#7818258843856ae971eae4208ad7d7eb19a431b1"
  integrity sha512-2vPPEi+Z7WqML2jZYddDIfy5Dqb0r2fze2zTxNNknZaFpVHU3mFB3R+DWeJWGVx0ecvttSGlJTI+WG+8Z4cDWw==

ordered-binary@^1.2.4:
  version "1.2.4"
  resolved "https://registry.yarnpkg.com/ordered-binary/-/ordered-binary-1.2.4.tgz#51d3a03af078a0bdba6c7bc8f4fedd1f5d45d83e"
  integrity sha512-A/csN0d3n+igxBPfUrjbV5GC69LWj2pjZzAAeeHXLukQ4+fytfP4T1Lg0ju7MSPSwq7KtHkGaiwO8URZN5IpLg==

picomatch@^2.0.4, picomatch@^2.2.1:
  version "2.3.1"
  resolved "https://registry.yarnpkg.com/picomatch/-/picomatch-2.3.1.tgz#3ba3833733646d9d3e4995946c1365a67fb07a42"
  integrity sha512-JU3teHTNjmE2VCGFzuY8EXzCDVwEqB2a8fsIvwaStHhAWJEeVd1o1QD80CU6+ZdEXXSLbSsuLwJjkCBWqRQUVA==

readdirp@~3.6.0:
  version "3.6.0"
  resolved "https://registry.yarnpkg.com/readdirp/-/readdirp-3.6.0.tgz#74a370bd857116e245b29cc97340cd431a02a6c7"
  integrity sha512-hOS089on8RduqdbhvQ5Z37A0ESjsqz6qnRcffsMU3495FuTdqSm+7bhJ29JvIOsBDEEnan5DPu9t3To9VRlMzA==
  dependencies:
    picomatch "^2.2.1"

sass@^1.38.0:
  version "1.49.8"
  resolved "https://registry.yarnpkg.com/sass/-/sass-1.49.8.tgz#9bbbc5d43d14862db07f1c04b786c9da9b641828"
  integrity sha512-NoGOjvDDOU9og9oAxhRnap71QaTjjlzrvLnKecUJ3GxhaQBrV6e7gPuSPF28u1OcVAArVojPAe4ZhOXwwC4tGw==
  dependencies:
    chokidar ">=3.0.0 <4.0.0"
    immutable "^4.0.0"
    source-map-js ">=0.6.2 <2.0.0"

semver@^5.7.1:
  version "5.7.1"
  resolved "https://registry.yarnpkg.com/semver/-/semver-5.7.1.tgz#a954f931aeba508d307bbf069eff0c01c96116f7"
  integrity sha512-sauaDf/PZdVgrLTNYHRtpXa1iRiKcaebiKQ1BJdpQlWH2lCvexQdX55snPFyK7QzpudqbCI0qXFfOasHdyNDGQ==

"source-map-js@>=0.6.2 <2.0.0":
  version "1.0.2"
  resolved "https://registry.yarnpkg.com/source-map-js/-/source-map-js-1.0.2.tgz#adbc361d9c62df380125e7f161f71c826f1e490c"
  integrity sha512-R0XvVJ9WusLiqTCEiGCmICCMplcCkIwwR11mOSD9CR5u+IXYdiseeEuXCVAjS54zqwkLcPNnmU4OeJ6tUrWhDw==

supports-color@^7.1.0:
  version "7.2.0"
  resolved "https://registry.yarnpkg.com/supports-color/-/supports-color-7.2.0.tgz#1b7dcdcb32b8138801b3e478ba6a51caa89648da"
  integrity sha512-qpCAvRl9stuOHveKsn7HncJRvv501qIacKzQlO/+Lwxc9+0q2wLyv4Dfvt80/DPn2pqOBsJdDiogXGR9+OvwRw==
  dependencies:
    has-flag "^4.0.0"

to-regex-range@^5.0.1:
  version "5.0.1"
  resolved "https://registry.yarnpkg.com/to-regex-range/-/to-regex-range-5.0.1.tgz#1648c44aae7c8d988a326018ed72f5b4dd0392e4"
  integrity sha512-65P7iz6X5yEr1cwcgvQxbbIw7Uk3gOy5dIdtZ4rDveLqhrdJP+Li/Hx6tyK0NEb+2GCyneCMJiGqrADCSNk8sQ==
  dependencies:
    is-number "^7.0.0"

utility-types@^3.10.0:
  version "3.10.0"
  resolved "https://registry.yarnpkg.com/utility-types/-/utility-types-3.10.0.tgz#ea4148f9a741015f05ed74fd615e1d20e6bed82b"
  integrity sha512-O11mqxmi7wMKCo6HKFt5AhO4BwY3VV68YU07tgxfz8zJTIxr4BpsezN49Ffwy9j3ZpwwJp4fkRwjRzq3uWE6Rg==

weak-lru-cache@^1.2.2:
  version "1.2.2"
  resolved "https://registry.yarnpkg.com/weak-lru-cache/-/weak-lru-cache-1.2.2.tgz#fdbb6741f36bae9540d12f480ce8254060dccd19"
  integrity sha512-DEAoo25RfSYMuTGc9vPJzZcZullwIqRDSI9LOy+fkCJPi6hykCnfKaXTuPBDuXAUcqHXyOgFtHNp/kB2FjYHbw==

xxhash-wasm@^0.4.2:
  version "0.4.2"
  resolved "https://registry.yarnpkg.com/xxhash-wasm/-/xxhash-wasm-0.4.2.tgz#752398c131a4dd407b5132ba62ad372029be6f79"
  integrity sha512-/eyHVRJQCirEkSZ1agRSCwriMhwlyUcFkXD5TPVSLP+IPzjsqMVzZwdoczLp1SoQU0R3dxz1RpIK+4YNQbCVOA==
